// !$*UTF8*$!
{
	archiveVersion = 1;
	classes = {
	};
	objectVersion = 56;
	objects = {

/* Begin PBXBuildFile section */
		EC0D1F912DFEE34B00E46E52 /* RootScreen.swift in Sources */ = {isa = PBXBuildFile; fileRef = EC0D1F902DFEE34B00E46E52 /* RootScreen.swift */; };
		EC238A5D2C321F6800829799 /* rhymateApp.swift in Sources */ = {isa = PBXBuildFile; fileRef = EC238A5C2C321F6800829799 /* rhymateApp.swift */; };
		EC238A5F2C321F6800829799 /* SearchScreen.swift in Sources */ = {isa = PBXBuildFile; fileRef = EC238A5E2C321F6800829799 /* SearchScreen.swift */; };
		EC238A612C321F6900829799 /* Assets.xcassets in Resources */ = {isa = PBXBuildFile; fileRef = EC238A602C321F6900829799 /* Assets.xcassets */; };
		EC238A642C321F6900829799 /* Preview Assets.xcassets in Resources */ = {isa = PBXBuildFile; fileRef = EC238A632C321F6900829799 /* Preview Assets.xcassets */; };
		EC238A6E2C321F6900829799 /* rhymateTests.swift in Sources */ = {isa = PBXBuildFile; fileRef = EC238A6D2C321F6900829799 /* rhymateTests.swift */; };
		EC238A782C321F6900829799 /* rhymateUITests.swift in Sources */ = {isa = PBXBuildFile; fileRef = EC238A772C321F6900829799 /* rhymateUITests.swift */; };
		EC238A7A2C321F6900829799 /* rhymateUITestsLaunchTests.swift in Sources */ = {isa = PBXBuildFile; fileRef = EC238A792C321F6900829799 /* rhymateUITestsLaunchTests.swift */; };
		EC238A892C33132600829799 /* FavoritesScreen.swift in Sources */ = {isa = PBXBuildFile; fileRef = EC238A882C33132600829799 /* FavoritesScreen.swift */; };
		EC238A8C2C33509100829799 /* RhymeItemView.swift in Sources */ = {isa = PBXBuildFile; fileRef = EC238A8B2C33509100829799 /* RhymeItemView.swift */; };
		EC238A8E2C3363A000829799 /* RhymesGrid.swift in Sources */ = {isa = PBXBuildFile; fileRef = EC238A8D2C3363A000829799 /* RhymesGrid.swift */; };
		EC238A912C34003600829799 /* DatamuseFetcher.swift in Sources */ = {isa = PBXBuildFile; fileRef = EC238A902C34003600829799 /* DatamuseFetcher.swift */; };
		EC238A932C3471D800829799 /* RhymesStorage.swift in Sources */ = {isa = PBXBuildFile; fileRef = EC238A922C3471D800829799 /* RhymesStorage.swift */; };
		EC238A952C35ACD900829799 /* StorageHandler.swift in Sources */ = {isa = PBXBuildFile; fileRef = EC238A942C35ACD900829799 /* StorageHandler.swift */; };
		EC324DEF2CE2A93500A245F4 /* SettingsView.swift in Sources */ = {isa = PBXBuildFile; fileRef = EC324DEE2CE2A93500A245F4 /* SettingsView.swift */; };
		EC324DF12CEFAA5100A245F4 /* AboutScreen.swift in Sources */ = {isa = PBXBuildFile; fileRef = EC324DF02CEFAA5100A245F4 /* AboutScreen.swift */; };
		EC37ABBA2C639ED300B28B58 /* FavoritesGrid.swift in Sources */ = {isa = PBXBuildFile; fileRef = EC37ABB92C639ED300B28B58 /* FavoritesGrid.swift */; };
		EC37ABBD2C63A05900B28B58 /* FavoritesGridItem.swift in Sources */ = {isa = PBXBuildFile; fileRef = EC37ABBC2C63A05900B28B58 /* FavoritesGridItem.swift */; };
		EC4313D82DFC56910023D835 /* SearchHistoryScreen.swift in Sources */ = {isa = PBXBuildFile; fileRef = EC4313D72DFC56910023D835 /* SearchHistoryScreen.swift */; };
		EC5A28C52C3FC6EE00DEDFFF /* FavoritesDetail.swift in Sources */ = {isa = PBXBuildFile; fileRef = EC5A28C42C3FC6EE00DEDFFF /* FavoritesDetail.swift */; };
		EC5A28C72C404C9C00DEDFFF /* FavoritesItemView.swift in Sources */ = {isa = PBXBuildFile; fileRef = EC5A28C62C404C9C00DEDFFF /* FavoritesItemView.swift */; };
		EC5A28CC2C40555100DEDFFF /* README.md in Resources */ = {isa = PBXBuildFile; fileRef = EC5A28CB2C40555100DEDFFF /* README.md */; };
		EC7304562C538C72006BCEAA /* WiktionaryDefinitionsStorage.swift in Sources */ = {isa = PBXBuildFile; fileRef = EC7304552C538C72006BCEAA /* WiktionaryDefinitionsStorage.swift */; };
		EC7782E02C39CAE7008E9884 /* StorageHandlerTests.swift in Sources */ = {isa = PBXBuildFile; fileRef = EC7782DA2C39B2AB008E9884 /* StorageHandlerTests.swift */; };
		EC7782E32C39CC28008E9884 /* RhymesStorageTests.swift in Sources */ = {isa = PBXBuildFile; fileRef = EC7782E22C39CC28008E9884 /* RhymesStorageTests.swift */; };
		EC7782E62C3B1BE8008E9884 /* Datamuse.swift in Sources */ = {isa = PBXBuildFile; fileRef = EC7782E52C3B1BE8008E9884 /* Datamuse.swift */; };
		EC7782E82C3C5B4B008E9884 /* Rhyme.swift in Sources */ = {isa = PBXBuildFile; fileRef = EC7782E72C3C5B4B008E9884 /* Rhyme.swift */; };
		EC7782EB2C3C5F67008E9884 /* FavoritesToggle.swift in Sources */ = {isa = PBXBuildFile; fileRef = EC7782EA2C3C5F67008E9884 /* FavoritesToggle.swift */; };
		EC81FCEB2DF9F77E008512CF /* SearchResultManager.swift in Sources */ = {isa = PBXBuildFile; fileRef = EC81FCEA2DF9F77E008512CF /* SearchResultManager.swift */; };
		EC81FCEE2DF9F7DB008512CF /* SearchResultError.swift in Sources */ = {isa = PBXBuildFile; fileRef = EC81FCED2DF9F7DB008512CF /* SearchResultError.swift */; };
		EC81FCF32DFAC194008512CF /* RhymesScreen.swift in Sources */ = {isa = PBXBuildFile; fileRef = EC81FCF22DFAC194008512CF /* RhymesScreen.swift */; };
		EC81FCF72DFAC85F008512CF /* Mutation.swift in Sources */ = {isa = PBXBuildFile; fileRef = EC81FCF62DFAC85F008512CF /* Mutation.swift */; };
		EC81FCF92DFAE333008512CF /* Formatter.swift in Sources */ = {isa = PBXBuildFile; fileRef = EC81FCF82DFAE333008512CF /* Formatter.swift */; };
		EC81FCFB2DFB2186008512CF /* LoadingSpinner.swift in Sources */ = {isa = PBXBuildFile; fileRef = EC81FCFA2DFB2186008512CF /* LoadingSpinner.swift */; };
		ECA551932E0321AA009DD4A5 /* ComposeEditor.swift in Sources */ = {isa = PBXBuildFile; fileRef = ECA551922E0321AA009DD4A5 /* ComposeEditor.swift */; };
		ECA8F6D22E0328BD009212D0 /* TextEditorViewController.swift in Sources */ = {isa = PBXBuildFile; fileRef = ECA8F6D12E0328BD009212D0 /* TextEditorViewController.swift */; };
		ECA8F6D42E0328D9009212D0 /* TextEditorContainer.swift in Sources */ = {isa = PBXBuildFile; fileRef = ECA8F6D32E0328D9009212D0 /* TextEditorContainer.swift */; };
		ECA8F6D62E036C92009212D0 /* LyricService.swift in Sources */ = {isa = PBXBuildFile; fileRef = ECA8F6D52E036C92009212D0 /* LyricService.swift */; };
		ECA8F6D82E03FF07009212D0 /* LyricType.swift in Sources */ = {isa = PBXBuildFile; fileRef = ECA8F6D72E03FEA7009212D0 /* LyricType.swift */; };
		ECA8F6DB2E042C3C009212D0 /* LyricTypeTest.swift in Sources */ = {isa = PBXBuildFile; fileRef = ECA8F6DA2E042C3C009212D0 /* LyricTypeTest.swift */; };
		ECA8F6DD2E042FA6009212D0 /* SearchError.swift in Sources */ = {isa = PBXBuildFile; fileRef = ECA8F6DC2E042F9B009212D0 /* SearchError.swift */; };
		ECA8F6DF2E0440BD009212D0 /* LyricAssistentView.swift in Sources */ = {isa = PBXBuildFile; fileRef = ECA8F6DE2E0440BD009212D0 /* LyricAssistentView.swift */; };
		ECA8F6E52E0448EE009212D0 /* GrowingTextView.swift in Sources */ = {isa = PBXBuildFile; fileRef = ECA8F6E42E0448EE009212D0 /* GrowingTextView.swift */; };
		ECA8F6E82E0458C7009212D0 /* hideKeyboardOnTap.swift in Sources */ = {isa = PBXBuildFile; fileRef = ECA8F6E72E0458BD009212D0 /* hideKeyboardOnTap.swift */; };
		ECA8F6EA2E045CC4009212D0 /* RoundedCorners.swift in Sources */ = {isa = PBXBuildFile; fileRef = ECA8F6E92E045CC4009212D0 /* RoundedCorners.swift */; };
		ECA8F6EC2E045D26009212D0 /* KeyboardObserver.swift in Sources */ = {isa = PBXBuildFile; fileRef = ECA8F6EB2E045D26009212D0 /* KeyboardObserver.swift */; };
		ECA8F6F02E05A100009212D0 /* WordRecommendationView.swift in Sources */ = {isa = PBXBuildFile; fileRef = ECA8F6EF2E05A100009212D0 /* WordRecommendationView.swift */; };
		ECA8F6F32E09C9BE009212D0 /* Compositon.swift in Sources */ = {isa = PBXBuildFile; fileRef = ECA8F6F22E09C9BE009212D0 /* Compositon.swift */; };
		ECA8F6F52E09CB9A009212D0 /* CompositionsOverviewScreen.swift in Sources */ = {isa = PBXBuildFile; fileRef = ECA8F6F42E09CB9A009212D0 /* CompositionsOverviewScreen.swift */; };
		ECA8F6F82E09CDD3009212D0 /* CompositionView.swift in Sources */ = {isa = PBXBuildFile; fileRef = ECA8F6F72E09CDD3009212D0 /* CompositionView.swift */; };
		ECB1A5DB2C3C701E0087EDF9 /* FavoriteRhymesStorage.swift in Sources */ = {isa = PBXBuildFile; fileRef = ECB1A5DA2C3C701E0087EDF9 /* FavoriteRhymesStorage.swift */; };
		ECB1A5DD2C3C744A0087EDF9 /* JSONable.swift in Sources */ = {isa = PBXBuildFile; fileRef = ECB1A5DC2C3C744A0087EDF9 /* JSONable.swift */; };
		ECB1A5DF2C3C84730087EDF9 /* Storage.swift in Sources */ = {isa = PBXBuildFile; fileRef = ECB1A5DE2C3C84730087EDF9 /* Storage.swift */; };
		ECB1A5E12C3D1E0E0087EDF9 /* FavoriteRhymesStorageTests.swift in Sources */ = {isa = PBXBuildFile; fileRef = ECB1A5E02C3D1E0E0087EDF9 /* FavoriteRhymesStorageTests.swift */; };
		ECBD84422C41016700193BA2 /* FavoritesOrganizer.swift in Sources */ = {isa = PBXBuildFile; fileRef = ECBD84412C41016700193BA2 /* FavoritesOrganizer.swift */; };
		ECBD84462C42678C00193BA2 /* Fetcher.swift in Sources */ = {isa = PBXBuildFile; fileRef = ECBD84452C42678C00193BA2 /* Fetcher.swift */; };
		ECBD84492C42F90E00193BA2 /* FetcherTests.swift in Sources */ = {isa = PBXBuildFile; fileRef = ECBD84482C42F90E00193BA2 /* FetcherTests.swift */; };
		ECBD844D2C42FBF100193BA2 /* TestProtocolHandler.swift in Sources */ = {isa = PBXBuildFile; fileRef = ECBD844C2C42FBF100193BA2 /* TestProtocolHandler.swift */; };
		ECBD84522C43385D00193BA2 /* DatamuseFetcherTests.swift in Sources */ = {isa = PBXBuildFile; fileRef = ECBD84512C43385D00193BA2 /* DatamuseFetcherTests.swift */; };
		ECBD84542C43BC9400193BA2 /* FallbackView.swift in Sources */ = {isa = PBXBuildFile; fileRef = ECBD84532C43BC9400193BA2 /* FallbackView.swift */; };
		ECBD84572C43DADB00193BA2 /* Constants.swift in Sources */ = {isa = PBXBuildFile; fileRef = ECBD84562C43DADB00193BA2 /* Constants.swift */; };
		ECBD845A2C4513BE00193BA2 /* FadeInOutRow.swift in Sources */ = {isa = PBXBuildFile; fileRef = ECBD84592C4513BE00193BA2 /* FadeInOutRow.swift */; };
		ECBD845D2C451B9D00193BA2 /* Localizable.xcstrings in Resources */ = {isa = PBXBuildFile; fileRef = ECBD845C2C451B9D00193BA2 /* Localizable.xcstrings */; };
		ECBDC3D42C46AB4200943D83 /* HTMLContentView.swift in Sources */ = {isa = PBXBuildFile; fileRef = ECBDC3D32C46AB4200943D83 /* HTMLContentView.swift */; };
		ECBDC3DA2C46D1D200943D83 /* WiktionaryFetcher.swift in Sources */ = {isa = PBXBuildFile; fileRef = ECBDC3D92C46D1D200943D83 /* WiktionaryFetcher.swift */; };
		ECBDC3DC2C46D1F200943D83 /* Wiktionary.swift in Sources */ = {isa = PBXBuildFile; fileRef = ECBDC3DB2C46D1F200943D83 /* Wiktionary.swift */; };
		ECD720EE2C56329E007CE080 /* WiktionaryDefinitionsStorageTests.swift in Sources */ = {isa = PBXBuildFile; fileRef = ECD720ED2C56329E007CE080 /* WiktionaryDefinitionsStorageTests.swift */; };
		ECD720F02C5C0366007CE080 /* SearchHistoryStorage.swift in Sources */ = {isa = PBXBuildFile; fileRef = ECD720EF2C5C0366007CE080 /* SearchHistoryStorage.swift */; };
		ECD720F22C5C0410007CE080 /* Search.swift in Sources */ = {isa = PBXBuildFile; fileRef = ECD720F12C5C0410007CE080 /* Search.swift */; };
		ECD720F42C5C0930007CE080 /* SearchHistory.swift in Sources */ = {isa = PBXBuildFile; fileRef = ECD720F32C5C0930007CE080 /* SearchHistory.swift */; };
		ECF4C9342C52EC7D001E6B55 /* WiktionaryFetcherTests.swift in Sources */ = {isa = PBXBuildFile; fileRef = ECF4C9332C52EC7D001E6B55 /* WiktionaryFetcherTests.swift */; };
		ECF4C9392C52F2AB001E6B55 /* WiktionaryDefinitions.swift in Sources */ = {isa = PBXBuildFile; fileRef = ECF4C9382C52F2AB001E6B55 /* WiktionaryDefinitions.swift */; };
/* End PBXBuildFile section */

/* Begin PBXContainerItemProxy section */
		EC238A6A2C321F6900829799 /* PBXContainerItemProxy */ = {
			isa = PBXContainerItemProxy;
			containerPortal = EC238A512C321F6800829799 /* Project object */;
			proxyType = 1;
			remoteGlobalIDString = EC238A582C321F6800829799;
			remoteInfo = rhymate;
		};
		EC238A742C321F6900829799 /* PBXContainerItemProxy */ = {
			isa = PBXContainerItemProxy;
			containerPortal = EC238A512C321F6800829799 /* Project object */;
			proxyType = 1;
			remoteGlobalIDString = EC238A582C321F6800829799;
			remoteInfo = rhymate;
		};
/* End PBXContainerItemProxy section */

/* Begin PBXFileReference section */
		EC0D1F902DFEE34B00E46E52 /* RootScreen.swift */ = {isa = PBXFileReference; lastKnownFileType = sourcecode.swift; path = RootScreen.swift; sourceTree = "<group>"; };
		EC238A592C321F6800829799 /* rhymate.app */ = {isa = PBXFileReference; explicitFileType = wrapper.application; includeInIndex = 0; path = rhymate.app; sourceTree = BUILT_PRODUCTS_DIR; };
		EC238A5C2C321F6800829799 /* rhymateApp.swift */ = {isa = PBXFileReference; lastKnownFileType = sourcecode.swift; path = rhymateApp.swift; sourceTree = "<group>"; };
		EC238A5E2C321F6800829799 /* SearchScreen.swift */ = {isa = PBXFileReference; lastKnownFileType = sourcecode.swift; path = SearchScreen.swift; sourceTree = "<group>"; };
		EC238A602C321F6900829799 /* Assets.xcassets */ = {isa = PBXFileReference; lastKnownFileType = folder.assetcatalog; path = Assets.xcassets; sourceTree = "<group>"; };
		EC238A632C321F6900829799 /* Preview Assets.xcassets */ = {isa = PBXFileReference; lastKnownFileType = folder.assetcatalog; path = "Preview Assets.xcassets"; sourceTree = "<group>"; };
		EC238A692C321F6900829799 /* rhymateTests.xctest */ = {isa = PBXFileReference; explicitFileType = wrapper.cfbundle; includeInIndex = 0; path = rhymateTests.xctest; sourceTree = BUILT_PRODUCTS_DIR; };
		EC238A6D2C321F6900829799 /* rhymateTests.swift */ = {isa = PBXFileReference; lastKnownFileType = sourcecode.swift; path = rhymateTests.swift; sourceTree = "<group>"; };
		EC238A732C321F6900829799 /* rhymateUITests.xctest */ = {isa = PBXFileReference; explicitFileType = wrapper.cfbundle; includeInIndex = 0; path = rhymateUITests.xctest; sourceTree = BUILT_PRODUCTS_DIR; };
		EC238A772C321F6900829799 /* rhymateUITests.swift */ = {isa = PBXFileReference; lastKnownFileType = sourcecode.swift; path = rhymateUITests.swift; sourceTree = "<group>"; };
		EC238A792C321F6900829799 /* rhymateUITestsLaunchTests.swift */ = {isa = PBXFileReference; lastKnownFileType = sourcecode.swift; path = rhymateUITestsLaunchTests.swift; sourceTree = "<group>"; };
		EC238A882C33132600829799 /* FavoritesScreen.swift */ = {isa = PBXFileReference; lastKnownFileType = sourcecode.swift; path = FavoritesScreen.swift; sourceTree = "<group>"; };
		EC238A8B2C33509100829799 /* RhymeItemView.swift */ = {isa = PBXFileReference; lastKnownFileType = sourcecode.swift; path = RhymeItemView.swift; sourceTree = "<group>"; };
		EC238A8D2C3363A000829799 /* RhymesGrid.swift */ = {isa = PBXFileReference; lastKnownFileType = sourcecode.swift; path = RhymesGrid.swift; sourceTree = "<group>"; };
		EC238A902C34003600829799 /* DatamuseFetcher.swift */ = {isa = PBXFileReference; lastKnownFileType = sourcecode.swift; path = DatamuseFetcher.swift; sourceTree = "<group>"; };
		EC238A922C3471D800829799 /* RhymesStorage.swift */ = {isa = PBXFileReference; lastKnownFileType = sourcecode.swift; path = RhymesStorage.swift; sourceTree = "<group>"; };
		EC238A942C35ACD900829799 /* StorageHandler.swift */ = {isa = PBXFileReference; lastKnownFileType = sourcecode.swift; path = StorageHandler.swift; sourceTree = "<group>"; };
		EC324DEE2CE2A93500A245F4 /* SettingsView.swift */ = {isa = PBXFileReference; lastKnownFileType = sourcecode.swift; path = SettingsView.swift; sourceTree = "<group>"; };
		EC324DF02CEFAA5100A245F4 /* AboutScreen.swift */ = {isa = PBXFileReference; lastKnownFileType = sourcecode.swift; path = AboutScreen.swift; sourceTree = "<group>"; };
		EC37ABB92C639ED300B28B58 /* FavoritesGrid.swift */ = {isa = PBXFileReference; lastKnownFileType = sourcecode.swift; path = FavoritesGrid.swift; sourceTree = "<group>"; };
		EC37ABBC2C63A05900B28B58 /* FavoritesGridItem.swift */ = {isa = PBXFileReference; lastKnownFileType = sourcecode.swift; path = FavoritesGridItem.swift; sourceTree = "<group>"; };
		EC4313D72DFC56910023D835 /* SearchHistoryScreen.swift */ = {isa = PBXFileReference; lastKnownFileType = sourcecode.swift; path = SearchHistoryScreen.swift; sourceTree = "<group>"; };
		EC5A28C42C3FC6EE00DEDFFF /* FavoritesDetail.swift */ = {isa = PBXFileReference; lastKnownFileType = sourcecode.swift; path = FavoritesDetail.swift; sourceTree = "<group>"; };
		EC5A28C62C404C9C00DEDFFF /* FavoritesItemView.swift */ = {isa = PBXFileReference; lastKnownFileType = sourcecode.swift; path = FavoritesItemView.swift; sourceTree = "<group>"; };
		EC5A28CB2C40555100DEDFFF /* README.md */ = {isa = PBXFileReference; fileEncoding = 4; lastKnownFileType = net.daringfireball.markdown; path = README.md; sourceTree = "<group>"; };
		EC7304552C538C72006BCEAA /* WiktionaryDefinitionsStorage.swift */ = {isa = PBXFileReference; lastKnownFileType = sourcecode.swift; path = WiktionaryDefinitionsStorage.swift; sourceTree = "<group>"; };
		EC7782DA2C39B2AB008E9884 /* StorageHandlerTests.swift */ = {isa = PBXFileReference; fileEncoding = 4; lastKnownFileType = sourcecode.swift; path = StorageHandlerTests.swift; sourceTree = "<group>"; };
		EC7782E22C39CC28008E9884 /* RhymesStorageTests.swift */ = {isa = PBXFileReference; lastKnownFileType = sourcecode.swift; path = RhymesStorageTests.swift; sourceTree = "<group>"; wrapsLines = 1; };
		EC7782E52C3B1BE8008E9884 /* Datamuse.swift */ = {isa = PBXFileReference; lastKnownFileType = sourcecode.swift; path = Datamuse.swift; sourceTree = "<group>"; };
		EC7782E72C3C5B4B008E9884 /* Rhyme.swift */ = {isa = PBXFileReference; lastKnownFileType = sourcecode.swift; path = Rhyme.swift; sourceTree = "<group>"; };
		EC7782EA2C3C5F67008E9884 /* FavoritesToggle.swift */ = {isa = PBXFileReference; lastKnownFileType = sourcecode.swift; path = FavoritesToggle.swift; sourceTree = "<group>"; };
		EC81FCEA2DF9F77E008512CF /* SearchResultManager.swift */ = {isa = PBXFileReference; lastKnownFileType = sourcecode.swift; path = SearchResultManager.swift; sourceTree = "<group>"; };
		EC81FCED2DF9F7DB008512CF /* SearchResultError.swift */ = {isa = PBXFileReference; lastKnownFileType = sourcecode.swift; path = SearchResultError.swift; sourceTree = "<group>"; };
		EC81FCF22DFAC194008512CF /* RhymesScreen.swift */ = {isa = PBXFileReference; lastKnownFileType = sourcecode.swift; path = RhymesScreen.swift; sourceTree = "<group>"; };
		EC81FCF62DFAC85F008512CF /* Mutation.swift */ = {isa = PBXFileReference; lastKnownFileType = sourcecode.swift; path = Mutation.swift; sourceTree = "<group>"; };
		EC81FCF82DFAE333008512CF /* Formatter.swift */ = {isa = PBXFileReference; lastKnownFileType = sourcecode.swift; path = Formatter.swift; sourceTree = "<group>"; };
		EC81FCFA2DFB2186008512CF /* LoadingSpinner.swift */ = {isa = PBXFileReference; lastKnownFileType = sourcecode.swift; path = LoadingSpinner.swift; sourceTree = "<group>"; };
		ECA551922E0321AA009DD4A5 /* ComposeEditor.swift */ = {isa = PBXFileReference; lastKnownFileType = sourcecode.swift; path = ComposeEditor.swift; sourceTree = "<group>"; };
		ECA8F6D12E0328BD009212D0 /* TextEditorViewController.swift */ = {isa = PBXFileReference; lastKnownFileType = sourcecode.swift; path = TextEditorViewController.swift; sourceTree = "<group>"; };
		ECA8F6D32E0328D9009212D0 /* TextEditorContainer.swift */ = {isa = PBXFileReference; lastKnownFileType = sourcecode.swift; path = TextEditorContainer.swift; sourceTree = "<group>"; };
		ECA8F6D52E036C92009212D0 /* LyricService.swift */ = {isa = PBXFileReference; lastKnownFileType = sourcecode.swift; path = LyricService.swift; sourceTree = "<group>"; };
		ECA8F6D72E03FEA7009212D0 /* LyricType.swift */ = {isa = PBXFileReference; lastKnownFileType = sourcecode.swift; path = LyricType.swift; sourceTree = "<group>"; };
		ECA8F6DA2E042C3C009212D0 /* LyricTypeTest.swift */ = {isa = PBXFileReference; lastKnownFileType = sourcecode.swift; path = LyricTypeTest.swift; sourceTree = "<group>"; };
		ECA8F6DC2E042F9B009212D0 /* SearchError.swift */ = {isa = PBXFileReference; lastKnownFileType = sourcecode.swift; path = SearchError.swift; sourceTree = "<group>"; };
		ECA8F6DE2E0440BD009212D0 /* LyricAssistentView.swift */ = {isa = PBXFileReference; lastKnownFileType = sourcecode.swift; path = LyricAssistentView.swift; sourceTree = "<group>"; };
		ECA8F6E42E0448EE009212D0 /* GrowingTextView.swift */ = {isa = PBXFileReference; lastKnownFileType = sourcecode.swift; path = GrowingTextView.swift; sourceTree = "<group>"; };
		ECA8F6E72E0458BD009212D0 /* hideKeyboardOnTap.swift */ = {isa = PBXFileReference; lastKnownFileType = sourcecode.swift; path = hideKeyboardOnTap.swift; sourceTree = "<group>"; };
		ECA8F6E92E045CC4009212D0 /* RoundedCorners.swift */ = {isa = PBXFileReference; lastKnownFileType = sourcecode.swift; path = RoundedCorners.swift; sourceTree = "<group>"; };
		ECA8F6EB2E045D26009212D0 /* KeyboardObserver.swift */ = {isa = PBXFileReference; lastKnownFileType = sourcecode.swift; path = KeyboardObserver.swift; sourceTree = "<group>"; };
		ECA8F6EF2E05A100009212D0 /* WordRecommendationView.swift */ = {isa = PBXFileReference; lastKnownFileType = sourcecode.swift; path = WordRecommendationView.swift; sourceTree = "<group>"; };
		ECA8F6F22E09C9BE009212D0 /* Compositon.swift */ = {isa = PBXFileReference; lastKnownFileType = sourcecode.swift; path = Compositon.swift; sourceTree = "<group>"; };
		ECA8F6F42E09CB9A009212D0 /* CompositionsOverviewScreen.swift */ = {isa = PBXFileReference; lastKnownFileType = sourcecode.swift; path = CompositionsOverviewScreen.swift; sourceTree = "<group>"; };
		ECA8F6F72E09CDD3009212D0 /* CompositionView.swift */ = {isa = PBXFileReference; lastKnownFileType = sourcecode.swift; path = CompositionView.swift; sourceTree = "<group>"; };
		ECB1A5DA2C3C701E0087EDF9 /* FavoriteRhymesStorage.swift */ = {isa = PBXFileReference; lastKnownFileType = sourcecode.swift; path = FavoriteRhymesStorage.swift; sourceTree = "<group>"; };
		ECB1A5DC2C3C744A0087EDF9 /* JSONable.swift */ = {isa = PBXFileReference; lastKnownFileType = sourcecode.swift; path = JSONable.swift; sourceTree = "<group>"; };
		ECB1A5DE2C3C84730087EDF9 /* Storage.swift */ = {isa = PBXFileReference; lastKnownFileType = sourcecode.swift; path = Storage.swift; sourceTree = "<group>"; };
		ECB1A5E02C3D1E0E0087EDF9 /* FavoriteRhymesStorageTests.swift */ = {isa = PBXFileReference; lastKnownFileType = sourcecode.swift; path = FavoriteRhymesStorageTests.swift; sourceTree = "<group>"; };
		ECBD84412C41016700193BA2 /* FavoritesOrganizer.swift */ = {isa = PBXFileReference; lastKnownFileType = sourcecode.swift; path = FavoritesOrganizer.swift; sourceTree = "<group>"; };
		ECBD84452C42678C00193BA2 /* Fetcher.swift */ = {isa = PBXFileReference; lastKnownFileType = sourcecode.swift; path = Fetcher.swift; sourceTree = "<group>"; };
		ECBD84482C42F90E00193BA2 /* FetcherTests.swift */ = {isa = PBXFileReference; lastKnownFileType = sourcecode.swift; path = FetcherTests.swift; sourceTree = "<group>"; };
		ECBD844C2C42FBF100193BA2 /* TestProtocolHandler.swift */ = {isa = PBXFileReference; lastKnownFileType = sourcecode.swift; path = TestProtocolHandler.swift; sourceTree = "<group>"; };
		ECBD84512C43385D00193BA2 /* DatamuseFetcherTests.swift */ = {isa = PBXFileReference; lastKnownFileType = sourcecode.swift; path = DatamuseFetcherTests.swift; sourceTree = "<group>"; };
		ECBD84532C43BC9400193BA2 /* FallbackView.swift */ = {isa = PBXFileReference; lastKnownFileType = sourcecode.swift; path = FallbackView.swift; sourceTree = "<group>"; };
		ECBD84562C43DADB00193BA2 /* Constants.swift */ = {isa = PBXFileReference; lastKnownFileType = sourcecode.swift; path = Constants.swift; sourceTree = "<group>"; };
		ECBD84592C4513BE00193BA2 /* FadeInOutRow.swift */ = {isa = PBXFileReference; lastKnownFileType = sourcecode.swift; path = FadeInOutRow.swift; sourceTree = "<group>"; };
		ECBD845C2C451B9D00193BA2 /* Localizable.xcstrings */ = {isa = PBXFileReference; lastKnownFileType = text.json.xcstrings; path = Localizable.xcstrings; sourceTree = "<group>"; };
		ECBDC3D32C46AB4200943D83 /* HTMLContentView.swift */ = {isa = PBXFileReference; lastKnownFileType = sourcecode.swift; path = HTMLContentView.swift; sourceTree = "<group>"; };
		ECBDC3D92C46D1D200943D83 /* WiktionaryFetcher.swift */ = {isa = PBXFileReference; lastKnownFileType = sourcecode.swift; path = WiktionaryFetcher.swift; sourceTree = "<group>"; };
		ECBDC3DB2C46D1F200943D83 /* Wiktionary.swift */ = {isa = PBXFileReference; lastKnownFileType = sourcecode.swift; path = Wiktionary.swift; sourceTree = "<group>"; };
		ECD1C82E2C5FAE3C009D16A9 /* rhymate.entitlements */ = {isa = PBXFileReference; lastKnownFileType = text.plist.entitlements; path = rhymate.entitlements; sourceTree = "<group>"; };
		ECD720ED2C56329E007CE080 /* WiktionaryDefinitionsStorageTests.swift */ = {isa = PBXFileReference; lastKnownFileType = sourcecode.swift; path = WiktionaryDefinitionsStorageTests.swift; sourceTree = "<group>"; };
		ECD720EF2C5C0366007CE080 /* SearchHistoryStorage.swift */ = {isa = PBXFileReference; lastKnownFileType = sourcecode.swift; path = SearchHistoryStorage.swift; sourceTree = "<group>"; };
		ECD720F12C5C0410007CE080 /* Search.swift */ = {isa = PBXFileReference; lastKnownFileType = sourcecode.swift; path = Search.swift; sourceTree = "<group>"; };
		ECD720F32C5C0930007CE080 /* SearchHistory.swift */ = {isa = PBXFileReference; lastKnownFileType = sourcecode.swift; path = SearchHistory.swift; sourceTree = "<group>"; };
		ECF4C9332C52EC7D001E6B55 /* WiktionaryFetcherTests.swift */ = {isa = PBXFileReference; lastKnownFileType = sourcecode.swift; path = WiktionaryFetcherTests.swift; sourceTree = "<group>"; };
		ECF4C9382C52F2AB001E6B55 /* WiktionaryDefinitions.swift */ = {isa = PBXFileReference; lastKnownFileType = sourcecode.swift; path = WiktionaryDefinitions.swift; sourceTree = "<group>"; };
/* End PBXFileReference section */

/* Begin PBXFrameworksBuildPhase section */
		EC238A562C321F6800829799 /* Frameworks */ = {
			isa = PBXFrameworksBuildPhase;
			buildActionMask = 2147483647;
			files = (
			);
			runOnlyForDeploymentPostprocessing = 0;
		};
		EC238A662C321F6900829799 /* Frameworks */ = {
			isa = PBXFrameworksBuildPhase;
			buildActionMask = 2147483647;
			files = (
			);
			runOnlyForDeploymentPostprocessing = 0;
		};
		EC238A702C321F6900829799 /* Frameworks */ = {
			isa = PBXFrameworksBuildPhase;
			buildActionMask = 2147483647;
			files = (
			);
			runOnlyForDeploymentPostprocessing = 0;
		};
/* End PBXFrameworksBuildPhase section */

/* Begin PBXGroup section */
		EC238A502C321F6800829799 = {
			isa = PBXGroup;
			children = (
				ECBD845B2C451B0000193BA2 /* Resources */,
				EC5A28CB2C40555100DEDFFF /* README.md */,
				EC238A5B2C321F6800829799 /* rhymate */,
				EC238A6C2C321F6900829799 /* rhymateTests */,
				EC238A762C321F6900829799 /* rhymateUITests */,
				EC238A5A2C321F6800829799 /* Products */,
				ECBDC3D62C46B52B00943D83 /* Frameworks */,
			);
			sourceTree = "<group>";
		};
		EC238A5A2C321F6800829799 /* Products */ = {
			isa = PBXGroup;
			children = (
				EC238A592C321F6800829799 /* rhymate.app */,
				EC238A692C321F6900829799 /* rhymateTests.xctest */,
				EC238A732C321F6900829799 /* rhymateUITests.xctest */,
			);
			name = Products;
			sourceTree = "<group>";
		};
		EC238A5B2C321F6800829799 /* rhymate */ = {
			isa = PBXGroup;
			children = (
				ECD1C82E2C5FAE3C009D16A9 /* rhymate.entitlements */,
				ECBD84562C43DADB00193BA2 /* Constants.swift */,
				ECA8F6E62E0458A5009212D0 /* Extensions */,
				ECBD84402C41013F00193BA2 /* Utils */,
				EC7782E42C3B1BB2008E9884 /* Model */,
				EC7782DE2C39CA87008E9884 /* Services */,
				EC7782DD2C39CA19008E9884 /* Storage */,
				EC7782DC2C39C904008E9884 /* View */,
				EC81FCF12DFAC12C008512CF /* Screens */,
				EC238A5C2C321F6800829799 /* rhymateApp.swift */,
				EC238A602C321F6900829799 /* Assets.xcassets */,
				EC238A622C321F6900829799 /* Preview Content */,
			);
			path = rhymate;
			sourceTree = "<group>";
		};
		EC238A622C321F6900829799 /* Preview Content */ = {
			isa = PBXGroup;
			children = (
				EC238A632C321F6900829799 /* Preview Assets.xcassets */,
			);
			path = "Preview Content";
			sourceTree = "<group>";
		};
		EC238A6C2C321F6900829799 /* rhymateTests */ = {
			isa = PBXGroup;
			children = (
				ECF4C9372C52F282001E6B55 /* MockData */,
				ECA8F6D92E042BF2009212D0 /* Model */,
				ECBD844E2C4337F800193BA2 /* Service */,
				ECBD84472C42F8CC00193BA2 /* Utils */,
				EC7782E12C39CAFA008E9884 /* Storage */,
				EC238A6D2C321F6900829799 /* rhymateTests.swift */,
				ECBD844C2C42FBF100193BA2 /* TestProtocolHandler.swift */,
			);
			path = rhymateTests;
			sourceTree = "<group>";
		};
		EC238A762C321F6900829799 /* rhymateUITests */ = {
			isa = PBXGroup;
			children = (
				EC238A772C321F6900829799 /* rhymateUITests.swift */,
				EC238A792C321F6900829799 /* rhymateUITestsLaunchTests.swift */,
			);
			path = rhymateUITests;
			sourceTree = "<group>";
		};
		EC238A8A2C33506D00829799 /* Search */ = {
			isa = PBXGroup;
			children = (
				EC81FCEC2DF9F7C8008512CF /* SearchResult */,
				EC238A8D2C3363A000829799 /* RhymesGrid.swift */,
				ECD720F32C5C0930007CE080 /* SearchHistory.swift */,
			);
			path = Search;
			sourceTree = "<group>";
		};
		EC324DED2CE2A90E00A245F4 /* Settings */ = {
			isa = PBXGroup;
			children = (
				EC324DEE2CE2A93500A245F4 /* SettingsView.swift */,
			);
			path = Settings;
			sourceTree = "<group>";
		};
		EC37ABBB2C63A01A00B28B58 /* FavoriteGrid */ = {
			isa = PBXGroup;
			children = (
				EC37ABB92C639ED300B28B58 /* FavoritesGrid.swift */,
				EC37ABBC2C63A05900B28B58 /* FavoritesGridItem.swift */,
			);
			path = FavoriteGrid;
			sourceTree = "<group>";
		};
		EC7782DC2C39C904008E9884 /* View */ = {
			isa = PBXGroup;
			children = (
				ECA8F6EE2E0530B6009212D0 /* LyricAsisstent */,
				ECA8F6ED2E046191009212D0 /* Editor */,
				ECA5518F2E032128009DD4A5 /* Composer */,
				EC324DED2CE2A90E00A245F4 /* Settings */,
				ECBD84582C45138C00193BA2 /* UIUtils */,
				ECD4E5712C3FBFC4004D02CF /* Favorites */,
				ECB1A5E22C3E6F700087EDF9 /* RhymeItem */,
				EC7782E92C3C5F56008E9884 /* Buttons */,
				EC238A8A2C33506D00829799 /* Search */,
				ECBD84532C43BC9400193BA2 /* FallbackView.swift */,
			);
			path = View;
			sourceTree = "<group>";
		};
		EC7782DD2C39CA19008E9884 /* Storage */ = {
			isa = PBXGroup;
			children = (
				EC238A922C3471D800829799 /* RhymesStorage.swift */,
				EC238A942C35ACD900829799 /* StorageHandler.swift */,
				ECB1A5DA2C3C701E0087EDF9 /* FavoriteRhymesStorage.swift */,
				EC7304552C538C72006BCEAA /* WiktionaryDefinitionsStorage.swift */,
				ECD720EF2C5C0366007CE080 /* SearchHistoryStorage.swift */,
			);
			path = Storage;
			sourceTree = "<group>";
		};
		EC7782DE2C39CA87008E9884 /* Services */ = {
			isa = PBXGroup;
			children = (
				EC238A902C34003600829799 /* DatamuseFetcher.swift */,
				ECBDC3D92C46D1D200943D83 /* WiktionaryFetcher.swift */,
				ECA8F6D52E036C92009212D0 /* LyricService.swift */,
			);
			path = Services;
			sourceTree = "<group>";
		};
		EC7782E12C39CAFA008E9884 /* Storage */ = {
			isa = PBXGroup;
			children = (
				EC7782DA2C39B2AB008E9884 /* StorageHandlerTests.swift */,
				EC7782E22C39CC28008E9884 /* RhymesStorageTests.swift */,
				ECB1A5E02C3D1E0E0087EDF9 /* FavoriteRhymesStorageTests.swift */,
				ECD720ED2C56329E007CE080 /* WiktionaryDefinitionsStorageTests.swift */,
			);
			path = Storage;
			sourceTree = "<group>";
		};
		EC7782E42C3B1BB2008E9884 /* Model */ = {
			isa = PBXGroup;
			children = (
				ECA8F6F12E09C991009212D0 /* Composer */,
				ECA8F6D72E03FEA7009212D0 /* LyricType.swift */,
				EC7782E52C3B1BE8008E9884 /* Datamuse.swift */,
				ECD720F12C5C0410007CE080 /* Search.swift */,
				ECA8F6DC2E042F9B009212D0 /* SearchError.swift */,
				EC7782E72C3C5B4B008E9884 /* Rhyme.swift */,
				ECB1A5DC2C3C744A0087EDF9 /* JSONable.swift */,
				EC81FCF62DFAC85F008512CF /* Mutation.swift */,
				ECB1A5DE2C3C84730087EDF9 /* Storage.swift */,
				ECBDC3DB2C46D1F200943D83 /* Wiktionary.swift */,
			);
			path = Model;
			sourceTree = "<group>";
		};
		EC7782E92C3C5F56008E9884 /* Buttons */ = {
			isa = PBXGroup;
			children = (
				EC7782EA2C3C5F67008E9884 /* FavoritesToggle.swift */,
			);
			path = Buttons;
			sourceTree = "<group>";
		};
		EC81FCEC2DF9F7C8008512CF /* SearchResult */ = {
			isa = PBXGroup;
			children = (
				EC81FCEA2DF9F77E008512CF /* SearchResultManager.swift */,
				EC81FCED2DF9F7DB008512CF /* SearchResultError.swift */,
			);
			path = SearchResult;
			sourceTree = "<group>";
		};
		EC81FCF12DFAC12C008512CF /* Screens */ = {
			isa = PBXGroup;
			children = (
				ECA8F6F62E09CDBD009212D0 /* Composer */,
				EC0D1F902DFEE34B00E46E52 /* RootScreen.swift */,
				EC238A5E2C321F6800829799 /* SearchScreen.swift */,
				EC238A882C33132600829799 /* FavoritesScreen.swift */,
				EC324DF02CEFAA5100A245F4 /* AboutScreen.swift */,
				EC81FCF22DFAC194008512CF /* RhymesScreen.swift */,
				EC4313D72DFC56910023D835 /* SearchHistoryScreen.swift */,
			);
			path = Screens;
			sourceTree = "<group>";
		};
		ECA5518F2E032128009DD4A5 /* Composer */ = {
			isa = PBXGroup;
			children = (
				ECA551922E0321AA009DD4A5 /* ComposeEditor.swift */,
				ECA8F6D12E0328BD009212D0 /* TextEditorViewController.swift */,
				ECA8F6D32E0328D9009212D0 /* TextEditorContainer.swift */,
			);
			path = Composer;
			sourceTree = "<group>";
		};
		ECA8F6D92E042BF2009212D0 /* Model */ = {
			isa = PBXGroup;
			children = (
				ECA8F6DA2E042C3C009212D0 /* LyricTypeTest.swift */,
			);
			path = Model;
			sourceTree = "<group>";
		};
		ECA8F6E62E0458A5009212D0 /* Extensions */ = {
			isa = PBXGroup;
			children = (
				ECA8F6E72E0458BD009212D0 /* hideKeyboardOnTap.swift */,
			);
			path = Extensions;
			sourceTree = "<group>";
		};
		ECA8F6ED2E046191009212D0 /* Editor */ = {
			isa = PBXGroup;
			children = (
				ECA8F6E42E0448EE009212D0 /* GrowingTextView.swift */,
			);
			path = Editor;
			sourceTree = "<group>";
		};
		ECA8F6EE2E0530B6009212D0 /* LyricAsisstent */ = {
			isa = PBXGroup;
			children = (
				ECA8F6DE2E0440BD009212D0 /* LyricAssistentView.swift */,
				ECA8F6EF2E05A100009212D0 /* WordRecommendationView.swift */,
			);
			path = LyricAsisstent;
			sourceTree = "<group>";
		};
		ECA8F6F12E09C991009212D0 /* Composer */ = {
			isa = PBXGroup;
			children = (
				ECA8F6F22E09C9BE009212D0 /* Compositon.swift */,
			);
			path = Composer;
			sourceTree = "<group>";
		};
		ECA8F6F62E09CDBD009212D0 /* Composer */ = {
			isa = PBXGroup;
			children = (
				ECA8F6F42E09CB9A009212D0 /* CompositionsOverviewScreen.swift */,
				ECA8F6F72E09CDD3009212D0 /* CompositionView.swift */,
			);
			path = Composer;
			sourceTree = "<group>";
		};
		ECB1A5E22C3E6F700087EDF9 /* RhymeItem */ = {
			isa = PBXGroup;
			children = (
				EC238A8B2C33509100829799 /* RhymeItemView.swift */,
			);
			path = RhymeItem;
			sourceTree = "<group>";
		};
		ECBD84402C41013F00193BA2 /* Utils */ = {
			isa = PBXGroup;
			children = (
				ECA8F6EB2E045D26009212D0 /* KeyboardObserver.swift */,
				ECBD84412C41016700193BA2 /* FavoritesOrganizer.swift */,
				ECBD84452C42678C00193BA2 /* Fetcher.swift */,
				EC81FCF82DFAE333008512CF /* Formatter.swift */,
			);
			path = Utils;
			sourceTree = "<group>";
		};
		ECBD84472C42F8CC00193BA2 /* Utils */ = {
			isa = PBXGroup;
			children = (
				ECBD84482C42F90E00193BA2 /* FetcherTests.swift */,
			);
			path = Utils;
			sourceTree = "<group>";
		};
		ECBD844E2C4337F800193BA2 /* Service */ = {
			isa = PBXGroup;
			children = (
				ECBD84512C43385D00193BA2 /* DatamuseFetcherTests.swift */,
				ECF4C9332C52EC7D001E6B55 /* WiktionaryFetcherTests.swift */,
			);
			path = Service;
			sourceTree = "<group>";
		};
		ECBD84582C45138C00193BA2 /* UIUtils */ = {
			isa = PBXGroup;
			children = (
				ECBD84592C4513BE00193BA2 /* FadeInOutRow.swift */,
				ECBDC3D32C46AB4200943D83 /* HTMLContentView.swift */,
				EC81FCFA2DFB2186008512CF /* LoadingSpinner.swift */,
				ECA8F6E92E045CC4009212D0 /* RoundedCorners.swift */,
			);
			path = UIUtils;
			sourceTree = "<group>";
		};
		ECBD845B2C451B0000193BA2 /* Resources */ = {
			isa = PBXGroup;
			children = (
				ECBD845C2C451B9D00193BA2 /* Localizable.xcstrings */,
			);
			path = Resources;
			sourceTree = "<group>";
		};
		ECBDC3D62C46B52B00943D83 /* Frameworks */ = {
			isa = PBXGroup;
			children = (
			);
			name = Frameworks;
			sourceTree = "<group>";
		};
		ECD4E5712C3FBFC4004D02CF /* Favorites */ = {
			isa = PBXGroup;
			children = (
				EC37ABBB2C63A01A00B28B58 /* FavoriteGrid */,
				EC5A28C42C3FC6EE00DEDFFF /* FavoritesDetail.swift */,
				EC5A28C62C404C9C00DEDFFF /* FavoritesItemView.swift */,
			);
			path = Favorites;
			sourceTree = "<group>";
		};
		ECF4C9372C52F282001E6B55 /* MockData */ = {
			isa = PBXGroup;
			children = (
				ECF4C9382C52F2AB001E6B55 /* WiktionaryDefinitions.swift */,
			);
			path = MockData;
			sourceTree = "<group>";
		};
/* End PBXGroup section */

/* Begin PBXNativeTarget section */
		EC238A582C321F6800829799 /* rhymate */ = {
			isa = PBXNativeTarget;
			buildConfigurationList = EC238A7D2C321F6900829799 /* Build configuration list for PBXNativeTarget "rhymate" */;
			buildPhases = (
				EC238A552C321F6800829799 /* Sources */,
				EC238A562C321F6800829799 /* Frameworks */,
				EC238A572C321F6800829799 /* Resources */,
			);
			buildRules = (
			);
			dependencies = (
			);
			name = rhymate;
			packageProductDependencies = (
			);
			productName = rhymate;
			productReference = EC238A592C321F6800829799 /* rhymate.app */;
			productType = "com.apple.product-type.application";
		};
		EC238A682C321F6900829799 /* rhymateTests */ = {
			isa = PBXNativeTarget;
			buildConfigurationList = EC238A802C321F6900829799 /* Build configuration list for PBXNativeTarget "rhymateTests" */;
			buildPhases = (
				EC238A652C321F6900829799 /* Sources */,
				EC238A662C321F6900829799 /* Frameworks */,
				EC238A672C321F6900829799 /* Resources */,
			);
			buildRules = (
			);
			dependencies = (
				EC238A6B2C321F6900829799 /* PBXTargetDependency */,
			);
			name = rhymateTests;
			productName = rhymateTests;
			productReference = EC238A692C321F6900829799 /* rhymateTests.xctest */;
			productType = "com.apple.product-type.bundle.unit-test";
		};
		EC238A722C321F6900829799 /* rhymateUITests */ = {
			isa = PBXNativeTarget;
			buildConfigurationList = EC238A832C321F6900829799 /* Build configuration list for PBXNativeTarget "rhymateUITests" */;
			buildPhases = (
				EC238A6F2C321F6900829799 /* Sources */,
				EC238A702C321F6900829799 /* Frameworks */,
				EC238A712C321F6900829799 /* Resources */,
			);
			buildRules = (
			);
			dependencies = (
				EC238A752C321F6900829799 /* PBXTargetDependency */,
			);
			name = rhymateUITests;
			productName = rhymateUITests;
			productReference = EC238A732C321F6900829799 /* rhymateUITests.xctest */;
			productType = "com.apple.product-type.bundle.ui-testing";
		};
/* End PBXNativeTarget section */

/* Begin PBXProject section */
		EC238A512C321F6800829799 /* Project object */ = {
			isa = PBXProject;
			attributes = {
				BuildIndependentTargetsInParallel = 1;
				LastSwiftUpdateCheck = 1540;
				LastUpgradeCheck = 1540;
				TargetAttributes = {
					EC238A582C321F6800829799 = {
						CreatedOnToolsVersion = 15.4;
					};
					EC238A682C321F6900829799 = {
						CreatedOnToolsVersion = 15.4;
						TestTargetID = EC238A582C321F6800829799;
					};
					EC238A722C321F6900829799 = {
						CreatedOnToolsVersion = 15.4;
						TestTargetID = EC238A582C321F6800829799;
					};
				};
			};
			buildConfigurationList = EC238A542C321F6800829799 /* Build configuration list for PBXProject "rhymate" */;
			compatibilityVersion = "Xcode 14.0";
			developmentRegion = en;
			hasScannedForEncodings = 0;
			knownRegions = (
				en,
				Base,
				de,
			);
			mainGroup = EC238A502C321F6800829799;
			packageReferences = (
			);
			productRefGroup = EC238A5A2C321F6800829799 /* Products */;
			projectDirPath = "";
			projectRoot = "";
			targets = (
				EC238A582C321F6800829799 /* rhymate */,
				EC238A682C321F6900829799 /* rhymateTests */,
				EC238A722C321F6900829799 /* rhymateUITests */,
			);
		};
/* End PBXProject section */

/* Begin PBXResourcesBuildPhase section */
		EC238A572C321F6800829799 /* Resources */ = {
			isa = PBXResourcesBuildPhase;
			buildActionMask = 2147483647;
			files = (
				EC5A28CC2C40555100DEDFFF /* README.md in Resources */,
				EC238A642C321F6900829799 /* Preview Assets.xcassets in Resources */,
				ECBD845D2C451B9D00193BA2 /* Localizable.xcstrings in Resources */,
				EC238A612C321F6900829799 /* Assets.xcassets in Resources */,
			);
			runOnlyForDeploymentPostprocessing = 0;
		};
		EC238A672C321F6900829799 /* Resources */ = {
			isa = PBXResourcesBuildPhase;
			buildActionMask = 2147483647;
			files = (
			);
			runOnlyForDeploymentPostprocessing = 0;
		};
		EC238A712C321F6900829799 /* Resources */ = {
			isa = PBXResourcesBuildPhase;
			buildActionMask = 2147483647;
			files = (
			);
			runOnlyForDeploymentPostprocessing = 0;
		};
/* End PBXResourcesBuildPhase section */

/* Begin PBXSourcesBuildPhase section */
		EC238A552C321F6800829799 /* Sources */ = {
			isa = PBXSourcesBuildPhase;
			buildActionMask = 2147483647;
			files = (
				ECA8F6EA2E045CC4009212D0 /* RoundedCorners.swift in Sources */,
				EC0D1F912DFEE34B00E46E52 /* RootScreen.swift in Sources */,
				EC81FCF72DFAC85F008512CF /* Mutation.swift in Sources */,
				ECA8F6F32E09C9BE009212D0 /* Compositon.swift in Sources */,
				EC81FCF32DFAC194008512CF /* RhymesScreen.swift in Sources */,
				EC238A912C34003600829799 /* DatamuseFetcher.swift in Sources */,
				ECA8F6D42E0328D9009212D0 /* TextEditorContainer.swift in Sources */,
				EC238A952C35ACD900829799 /* StorageHandler.swift in Sources */,
				ECBDC3D42C46AB4200943D83 /* HTMLContentView.swift in Sources */,
				EC238A5F2C321F6800829799 /* SearchScreen.swift in Sources */,
				EC7782EB2C3C5F67008E9884 /* FavoritesToggle.swift in Sources */,
				ECA8F6F82E09CDD3009212D0 /* CompositionView.swift in Sources */,
				EC238A8C2C33509100829799 /* RhymeItemView.swift in Sources */,
				EC238A892C33132600829799 /* FavoritesScreen.swift in Sources */,
				EC238A5D2C321F6800829799 /* rhymateApp.swift in Sources */,
				EC238A932C3471D800829799 /* RhymesStorage.swift in Sources */,
				ECB1A5DB2C3C701E0087EDF9 /* FavoriteRhymesStorage.swift in Sources */,
				EC7782E82C3C5B4B008E9884 /* Rhyme.swift in Sources */,
				ECBD84542C43BC9400193BA2 /* FallbackView.swift in Sources */,
				ECBD84572C43DADB00193BA2 /* Constants.swift in Sources */,
				ECA8F6DF2E0440BD009212D0 /* LyricAssistentView.swift in Sources */,
				EC81FCFB2DFB2186008512CF /* LoadingSpinner.swift in Sources */,
				ECA8F6D82E03FF07009212D0 /* LyricType.swift in Sources */,
				EC324DF12CEFAA5100A245F4 /* AboutScreen.swift in Sources */,
				ECA8F6D62E036C92009212D0 /* LyricService.swift in Sources */,
				ECA8F6D22E0328BD009212D0 /* TextEditorViewController.swift in Sources */,
				ECD720F22C5C0410007CE080 /* Search.swift in Sources */,
				EC37ABBD2C63A05900B28B58 /* FavoritesGridItem.swift in Sources */,
				EC4313D82DFC56910023D835 /* SearchHistoryScreen.swift in Sources */,
				ECA8F6F02E05A100009212D0 /* WordRecommendationView.swift in Sources */,
				EC81FCEB2DF9F77E008512CF /* SearchResultManager.swift in Sources */,
				ECA8F6DD2E042FA6009212D0 /* SearchError.swift in Sources */,
				EC81FCF92DFAE333008512CF /* Formatter.swift in Sources */,
				EC7782E62C3B1BE8008E9884 /* Datamuse.swift in Sources */,
				ECA8F6EC2E045D26009212D0 /* KeyboardObserver.swift in Sources */,
				ECA8F6E52E0448EE009212D0 /* GrowingTextView.swift in Sources */,
				EC5A28C72C404C9C00DEDFFF /* FavoritesItemView.swift in Sources */,
				ECA8F6F52E09CB9A009212D0 /* CompositionsOverviewScreen.swift in Sources */,
				ECA8F6E82E0458C7009212D0 /* hideKeyboardOnTap.swift in Sources */,
				ECBD84422C41016700193BA2 /* FavoritesOrganizer.swift in Sources */,
				ECBD84462C42678C00193BA2 /* Fetcher.swift in Sources */,
				ECBDC3DC2C46D1F200943D83 /* Wiktionary.swift in Sources */,
				EC81FCEE2DF9F7DB008512CF /* SearchResultError.swift in Sources */,
				EC7304562C538C72006BCEAA /* WiktionaryDefinitionsStorage.swift in Sources */,
				ECB1A5DD2C3C744A0087EDF9 /* JSONable.swift in Sources */,
				EC5A28C52C3FC6EE00DEDFFF /* FavoritesDetail.swift in Sources */,
				ECBD845A2C4513BE00193BA2 /* FadeInOutRow.swift in Sources */,
				EC37ABBA2C639ED300B28B58 /* FavoritesGrid.swift in Sources */,
				ECA551932E0321AA009DD4A5 /* ComposeEditor.swift in Sources */,
				EC324DEF2CE2A93500A245F4 /* SettingsView.swift in Sources */,
				ECBDC3DA2C46D1D200943D83 /* WiktionaryFetcher.swift in Sources */,
				ECD720F42C5C0930007CE080 /* SearchHistory.swift in Sources */,
				EC238A8E2C3363A000829799 /* RhymesGrid.swift in Sources */,
				ECD720F02C5C0366007CE080 /* SearchHistoryStorage.swift in Sources */,
				ECB1A5DF2C3C84730087EDF9 /* Storage.swift in Sources */,
			);
			runOnlyForDeploymentPostprocessing = 0;
		};
		EC238A652C321F6900829799 /* Sources */ = {
			isa = PBXSourcesBuildPhase;
			buildActionMask = 2147483647;
			files = (
				EC7782E02C39CAE7008E9884 /* StorageHandlerTests.swift in Sources */,
				EC7782E32C39CC28008E9884 /* RhymesStorageTests.swift in Sources */,
				ECBD844D2C42FBF100193BA2 /* TestProtocolHandler.swift in Sources */,
				ECA8F6DB2E042C3C009212D0 /* LyricTypeTest.swift in Sources */,
				ECBD84492C42F90E00193BA2 /* FetcherTests.swift in Sources */,
				ECF4C9342C52EC7D001E6B55 /* WiktionaryFetcherTests.swift in Sources */,
				ECBD84522C43385D00193BA2 /* DatamuseFetcherTests.swift in Sources */,
				ECF4C9392C52F2AB001E6B55 /* WiktionaryDefinitions.swift in Sources */,
				ECD720EE2C56329E007CE080 /* WiktionaryDefinitionsStorageTests.swift in Sources */,
				ECB1A5E12C3D1E0E0087EDF9 /* FavoriteRhymesStorageTests.swift in Sources */,
				EC238A6E2C321F6900829799 /* rhymateTests.swift in Sources */,
			);
			runOnlyForDeploymentPostprocessing = 0;
		};
		EC238A6F2C321F6900829799 /* Sources */ = {
			isa = PBXSourcesBuildPhase;
			buildActionMask = 2147483647;
			files = (
				EC238A782C321F6900829799 /* rhymateUITests.swift in Sources */,
				EC238A7A2C321F6900829799 /* rhymateUITestsLaunchTests.swift in Sources */,
			);
			runOnlyForDeploymentPostprocessing = 0;
		};
/* End PBXSourcesBuildPhase section */

/* Begin PBXTargetDependency section */
		EC238A6B2C321F6900829799 /* PBXTargetDependency */ = {
			isa = PBXTargetDependency;
			target = EC238A582C321F6800829799 /* rhymate */;
			targetProxy = EC238A6A2C321F6900829799 /* PBXContainerItemProxy */;
		};
		EC238A752C321F6900829799 /* PBXTargetDependency */ = {
			isa = PBXTargetDependency;
			target = EC238A582C321F6800829799 /* rhymate */;
			targetProxy = EC238A742C321F6900829799 /* PBXContainerItemProxy */;
		};
/* End PBXTargetDependency section */

/* Begin XCBuildConfiguration section */
		EC238A7B2C321F6900829799 /* Debug */ = {
			isa = XCBuildConfiguration;
			buildSettings = {
				ALWAYS_SEARCH_USER_PATHS = NO;
				ASSETCATALOG_COMPILER_GENERATE_SWIFT_ASSET_SYMBOL_EXTENSIONS = YES;
				CLANG_ANALYZER_NONNULL = YES;
				CLANG_ANALYZER_NUMBER_OBJECT_CONVERSION = YES_AGGRESSIVE;
				CLANG_CXX_LANGUAGE_STANDARD = "gnu++20";
				CLANG_ENABLE_MODULES = YES;
				CLANG_ENABLE_OBJC_ARC = YES;
				CLANG_ENABLE_OBJC_WEAK = YES;
				CLANG_WARN_BLOCK_CAPTURE_AUTORELEASING = YES;
				CLANG_WARN_BOOL_CONVERSION = YES;
				CLANG_WARN_COMMA = YES;
				CLANG_WARN_CONSTANT_CONVERSION = YES;
				CLANG_WARN_DEPRECATED_OBJC_IMPLEMENTATIONS = YES;
				CLANG_WARN_DIRECT_OBJC_ISA_USAGE = YES_ERROR;
				CLANG_WARN_DOCUMENTATION_COMMENTS = YES;
				CLANG_WARN_EMPTY_BODY = YES;
				CLANG_WARN_ENUM_CONVERSION = YES;
				CLANG_WARN_INFINITE_RECURSION = YES;
				CLANG_WARN_INT_CONVERSION = YES;
				CLANG_WARN_NON_LITERAL_NULL_CONVERSION = YES;
				CLANG_WARN_OBJC_IMPLICIT_RETAIN_SELF = YES;
				CLANG_WARN_OBJC_LITERAL_CONVERSION = YES;
				CLANG_WARN_OBJC_ROOT_CLASS = YES_ERROR;
				CLANG_WARN_QUOTED_INCLUDE_IN_FRAMEWORK_HEADER = YES;
				CLANG_WARN_RANGE_LOOP_ANALYSIS = YES;
				CLANG_WARN_STRICT_PROTOTYPES = YES;
				CLANG_WARN_SUSPICIOUS_MOVE = YES;
				CLANG_WARN_UNGUARDED_AVAILABILITY = YES_AGGRESSIVE;
				CLANG_WARN_UNREACHABLE_CODE = YES;
				CLANG_WARN__DUPLICATE_METHOD_MATCH = YES;
				COPY_PHASE_STRIP = NO;
				DEBUG_INFORMATION_FORMAT = dwarf;
				ENABLE_STRICT_OBJC_MSGSEND = YES;
				ENABLE_TESTABILITY = YES;
				ENABLE_USER_SCRIPT_SANDBOXING = YES;
				GCC_C_LANGUAGE_STANDARD = gnu17;
				GCC_DYNAMIC_NO_PIC = NO;
				GCC_NO_COMMON_BLOCKS = YES;
				GCC_OPTIMIZATION_LEVEL = 0;
				GCC_PREPROCESSOR_DEFINITIONS = (
					"DEBUG=1",
					"$(inherited)",
				);
				GCC_WARN_64_TO_32_BIT_CONVERSION = YES;
				GCC_WARN_ABOUT_RETURN_TYPE = YES_ERROR;
				GCC_WARN_UNDECLARED_SELECTOR = YES;
				GCC_WARN_UNINITIALIZED_AUTOS = YES_AGGRESSIVE;
				GCC_WARN_UNUSED_FUNCTION = YES;
				GCC_WARN_UNUSED_VARIABLE = YES;
				IPHONEOS_DEPLOYMENT_TARGET = 16.0;
				LOCALIZATION_PREFERS_STRING_CATALOGS = YES;
				MTL_ENABLE_DEBUG_INFO = INCLUDE_SOURCE;
				MTL_FAST_MATH = YES;
				ONLY_ACTIVE_ARCH = YES;
				SDKROOT = iphoneos;
				SWIFT_ACTIVE_COMPILATION_CONDITIONS = "DEBUG $(inherited)";
				SWIFT_OPTIMIZATION_LEVEL = "-Onone";
			};
			name = Debug;
		};
		EC238A7C2C321F6900829799 /* Release */ = {
			isa = XCBuildConfiguration;
			buildSettings = {
				ALWAYS_SEARCH_USER_PATHS = NO;
				ASSETCATALOG_COMPILER_GENERATE_SWIFT_ASSET_SYMBOL_EXTENSIONS = YES;
				CLANG_ANALYZER_NONNULL = YES;
				CLANG_ANALYZER_NUMBER_OBJECT_CONVERSION = YES_AGGRESSIVE;
				CLANG_CXX_LANGUAGE_STANDARD = "gnu++20";
				CLANG_ENABLE_MODULES = YES;
				CLANG_ENABLE_OBJC_ARC = YES;
				CLANG_ENABLE_OBJC_WEAK = YES;
				CLANG_WARN_BLOCK_CAPTURE_AUTORELEASING = YES;
				CLANG_WARN_BOOL_CONVERSION = YES;
				CLANG_WARN_COMMA = YES;
				CLANG_WARN_CONSTANT_CONVERSION = YES;
				CLANG_WARN_DEPRECATED_OBJC_IMPLEMENTATIONS = YES;
				CLANG_WARN_DIRECT_OBJC_ISA_USAGE = YES_ERROR;
				CLANG_WARN_DOCUMENTATION_COMMENTS = YES;
				CLANG_WARN_EMPTY_BODY = YES;
				CLANG_WARN_ENUM_CONVERSION = YES;
				CLANG_WARN_INFINITE_RECURSION = YES;
				CLANG_WARN_INT_CONVERSION = YES;
				CLANG_WARN_NON_LITERAL_NULL_CONVERSION = YES;
				CLANG_WARN_OBJC_IMPLICIT_RETAIN_SELF = YES;
				CLANG_WARN_OBJC_LITERAL_CONVERSION = YES;
				CLANG_WARN_OBJC_ROOT_CLASS = YES_ERROR;
				CLANG_WARN_QUOTED_INCLUDE_IN_FRAMEWORK_HEADER = YES;
				CLANG_WARN_RANGE_LOOP_ANALYSIS = YES;
				CLANG_WARN_STRICT_PROTOTYPES = YES;
				CLANG_WARN_SUSPICIOUS_MOVE = YES;
				CLANG_WARN_UNGUARDED_AVAILABILITY = YES_AGGRESSIVE;
				CLANG_WARN_UNREACHABLE_CODE = YES;
				CLANG_WARN__DUPLICATE_METHOD_MATCH = YES;
				COPY_PHASE_STRIP = NO;
				DEBUG_INFORMATION_FORMAT = "dwarf-with-dsym";
				ENABLE_NS_ASSERTIONS = NO;
				ENABLE_STRICT_OBJC_MSGSEND = YES;
				ENABLE_USER_SCRIPT_SANDBOXING = YES;
				GCC_C_LANGUAGE_STANDARD = gnu17;
				GCC_NO_COMMON_BLOCKS = YES;
				GCC_WARN_64_TO_32_BIT_CONVERSION = YES;
				GCC_WARN_ABOUT_RETURN_TYPE = YES_ERROR;
				GCC_WARN_UNDECLARED_SELECTOR = YES;
				GCC_WARN_UNINITIALIZED_AUTOS = YES_AGGRESSIVE;
				GCC_WARN_UNUSED_FUNCTION = YES;
				GCC_WARN_UNUSED_VARIABLE = YES;
				IPHONEOS_DEPLOYMENT_TARGET = 16.0;
				LOCALIZATION_PREFERS_STRING_CATALOGS = YES;
				MTL_ENABLE_DEBUG_INFO = NO;
				MTL_FAST_MATH = YES;
				SDKROOT = iphoneos;
				SWIFT_COMPILATION_MODE = wholemodule;
				VALIDATE_PRODUCT = YES;
			};
			name = Release;
		};
		EC238A7E2C321F6900829799 /* Debug */ = {
			isa = XCBuildConfiguration;
			buildSettings = {
				ASSETCATALOG_COMPILER_APPICON_NAME = AppIcon;
				ASSETCATALOG_COMPILER_GLOBAL_ACCENT_COLOR_NAME = AccentColor;
				CODE_SIGN_ENTITLEMENTS = rhymate/rhymate.entitlements;
				CODE_SIGN_STYLE = Automatic;
				CURRENT_PROJECT_VERSION = 1;
				DEVELOPMENT_ASSET_PATHS = "\"rhymate/Preview Content\"";
				DEVELOPMENT_TEAM = 84QBTUSCQL;
				ENABLE_PREVIEWS = YES;
				GENERATE_INFOPLIST_FILE = YES;
				INFOPLIST_KEY_CFBundleDisplayName = Rhymate;
				INFOPLIST_KEY_LSApplicationCategoryType = "public.app-category.productivity";
				INFOPLIST_KEY_UIApplicationSceneManifest_Generation = YES;
				INFOPLIST_KEY_UIApplicationSupportsIndirectInputEvents = YES;
				INFOPLIST_KEY_UILaunchScreen_Generation = YES;
				INFOPLIST_KEY_UISupportedInterfaceOrientations = UIInterfaceOrientationPortrait;
				INFOPLIST_KEY_UISupportedInterfaceOrientations_iPad = "UIInterfaceOrientationLandscapeLeft UIInterfaceOrientationLandscapeRight UIInterfaceOrientationPortrait UIInterfaceOrientationPortraitUpsideDown";
				IPHONEOS_DEPLOYMENT_TARGET = 17.0;
				LD_RUNPATH_SEARCH_PATHS = (
					"$(inherited)",
					"@executable_path/Frameworks",
				);
				MARKETING_VERSION = 2.0.0;
				PRODUCT_BUNDLE_IDENTIFIER = demonyze.rhymate;
				PRODUCT_NAME = "$(TARGET_NAME)";
				SUPPORTED_PLATFORMS = "iphoneos iphonesimulator";
				SUPPORTS_MACCATALYST = NO;
				SUPPORTS_MAC_DESIGNED_FOR_IPHONE_IPAD = YES;
				SUPPORTS_XR_DESIGNED_FOR_IPHONE_IPAD = NO;
				SWIFT_EMIT_LOC_STRINGS = YES;
				SWIFT_VERSION = 5.0;
				TARGETED_DEVICE_FAMILY = "1,2";
			};
			name = Debug;
		};
		EC238A7F2C321F6900829799 /* Release */ = {
			isa = XCBuildConfiguration;
			buildSettings = {
				ASSETCATALOG_COMPILER_APPICON_NAME = AppIcon;
				ASSETCATALOG_COMPILER_GLOBAL_ACCENT_COLOR_NAME = AccentColor;
				CODE_SIGN_ENTITLEMENTS = rhymate/rhymate.entitlements;
				CODE_SIGN_STYLE = Automatic;
				CURRENT_PROJECT_VERSION = 1;
				DEVELOPMENT_ASSET_PATHS = "\"rhymate/Preview Content\"";
				DEVELOPMENT_TEAM = 84QBTUSCQL;
				ENABLE_PREVIEWS = YES;
				GENERATE_INFOPLIST_FILE = YES;
				INFOPLIST_KEY_CFBundleDisplayName = Rhymate;
				INFOPLIST_KEY_LSApplicationCategoryType = "public.app-category.productivity";
				INFOPLIST_KEY_UIApplicationSceneManifest_Generation = YES;
				INFOPLIST_KEY_UIApplicationSupportsIndirectInputEvents = YES;
				INFOPLIST_KEY_UILaunchScreen_Generation = YES;
				INFOPLIST_KEY_UISupportedInterfaceOrientations = UIInterfaceOrientationPortrait;
				INFOPLIST_KEY_UISupportedInterfaceOrientations_iPad = "UIInterfaceOrientationLandscapeLeft UIInterfaceOrientationLandscapeRight UIInterfaceOrientationPortrait UIInterfaceOrientationPortraitUpsideDown";
				IPHONEOS_DEPLOYMENT_TARGET = 17.0;
				LD_RUNPATH_SEARCH_PATHS = (
					"$(inherited)",
					"@executable_path/Frameworks",
				);
				MARKETING_VERSION = 2.0.0;
				PRODUCT_BUNDLE_IDENTIFIER = demonyze.rhymate;
				PRODUCT_NAME = "$(TARGET_NAME)";
				SUPPORTED_PLATFORMS = "iphoneos iphonesimulator";
				SUPPORTS_MACCATALYST = NO;
				SUPPORTS_MAC_DESIGNED_FOR_IPHONE_IPAD = YES;
				SUPPORTS_XR_DESIGNED_FOR_IPHONE_IPAD = NO;
				SWIFT_EMIT_LOC_STRINGS = YES;
				SWIFT_VERSION = 5.0;
				TARGETED_DEVICE_FAMILY = "1,2";
			};
			name = Release;
		};
		EC238A812C321F6900829799 /* Debug */ = {
			isa = XCBuildConfiguration;
			buildSettings = {
				ALWAYS_EMBED_SWIFT_STANDARD_LIBRARIES = YES;
				BUNDLE_LOADER = "$(TEST_HOST)";
				CODE_SIGN_STYLE = Automatic;
				CURRENT_PROJECT_VERSION = 1;
				DEVELOPMENT_TEAM = 84QBTUSCQL;
				GENERATE_INFOPLIST_FILE = YES;
				IPHONEOS_DEPLOYMENT_TARGET = 16.0;
				MARKETING_VERSION = 1.0;
				PRODUCT_BUNDLE_IDENTIFIER = demonyze.rhymateTests;
				PRODUCT_NAME = "$(TARGET_NAME)";
				SWIFT_EMIT_LOC_STRINGS = NO;
				SWIFT_VERSION = 5.0;
				TARGETED_DEVICE_FAMILY = "1,2";
				TEST_HOST = "$(BUILT_PRODUCTS_DIR)/rhymate.app/$(BUNDLE_EXECUTABLE_FOLDER_PATH)/rhymate";
			};
			name = Debug;
		};
		EC238A822C321F6900829799 /* Release */ = {
			isa = XCBuildConfiguration;
			buildSettings = {
				ALWAYS_EMBED_SWIFT_STANDARD_LIBRARIES = YES;
				BUNDLE_LOADER = "$(TEST_HOST)";
				CODE_SIGN_STYLE = Automatic;
				CURRENT_PROJECT_VERSION = 1;
				DEVELOPMENT_TEAM = 84QBTUSCQL;
				GENERATE_INFOPLIST_FILE = YES;
				IPHONEOS_DEPLOYMENT_TARGET = 16.0;
				MARKETING_VERSION = 1.0;
				PRODUCT_BUNDLE_IDENTIFIER = demonyze.rhymateTests;
				PRODUCT_NAME = "$(TARGET_NAME)";
				SWIFT_EMIT_LOC_STRINGS = NO;
				SWIFT_VERSION = 5.0;
				TARGETED_DEVICE_FAMILY = "1,2";
				TEST_HOST = "$(BUILT_PRODUCTS_DIR)/rhymate.app/$(BUNDLE_EXECUTABLE_FOLDER_PATH)/rhymate";
			};
			name = Release;
		};
		EC238A842C321F6900829799 /* Debug */ = {
			isa = XCBuildConfiguration;
			buildSettings = {
				ALWAYS_EMBED_SWIFT_STANDARD_LIBRARIES = YES;
				CODE_SIGN_STYLE = Automatic;
				CURRENT_PROJECT_VERSION = 1;
				DEVELOPMENT_TEAM = 84QBTUSCQL;
				GENERATE_INFOPLIST_FILE = YES;
				MARKETING_VERSION = 1.0;
				PRODUCT_BUNDLE_IDENTIFIER = demonyze.rhymateUITests;
				PRODUCT_NAME = "$(TARGET_NAME)";
				SWIFT_EMIT_LOC_STRINGS = NO;
				SWIFT_VERSION = 5.0;
				TARGETED_DEVICE_FAMILY = "1,2";
				TEST_TARGET_NAME = rhymate;
			};
			name = Debug;
		};
		EC238A852C321F6900829799 /* Release */ = {
			isa = XCBuildConfiguration;
			buildSettings = {
				ALWAYS_EMBED_SWIFT_STANDARD_LIBRARIES = YES;
				CODE_SIGN_STYLE = Automatic;
				CURRENT_PROJECT_VERSION = 1;
				DEVELOPMENT_TEAM = 84QBTUSCQL;
				GENERATE_INFOPLIST_FILE = YES;
				MARKETING_VERSION = 1.0;
				PRODUCT_BUNDLE_IDENTIFIER = demonyze.rhymateUITests;
				PRODUCT_NAME = "$(TARGET_NAME)";
				SWIFT_EMIT_LOC_STRINGS = NO;
				SWIFT_VERSION = 5.0;
				TARGETED_DEVICE_FAMILY = "1,2";
				TEST_TARGET_NAME = rhymate;
			};
			name = Release;
		};
/* End XCBuildConfiguration section */

/* Begin XCConfigurationList section */
		EC238A542C321F6800829799 /* Build configuration list for PBXProject "rhymate" */ = {
			isa = XCConfigurationList;
			buildConfigurations = (
				EC238A7B2C321F6900829799 /* Debug */,
				EC238A7C2C321F6900829799 /* Release */,
			);
			defaultConfigurationIsVisible = 0;
			defaultConfigurationName = Release;
		};
		EC238A7D2C321F6900829799 /* Build configuration list for PBXNativeTarget "rhymate" */ = {
			isa = XCConfigurationList;
			buildConfigurations = (
				EC238A7E2C321F6900829799 /* Debug */,
				EC238A7F2C321F6900829799 /* Release */,
			);
			defaultConfigurationIsVisible = 0;
			defaultConfigurationName = Release;
		};
		EC238A802C321F6900829799 /* Build configuration list for PBXNativeTarget "rhymateTests" */ = {
			isa = XCConfigurationList;
			buildConfigurations = (
				EC238A812C321F6900829799 /* Debug */,
				EC238A822C321F6900829799 /* Release */,
			);
			defaultConfigurationIsVisible = 0;
			defaultConfigurationName = Release;
		};
		EC238A832C321F6900829799 /* Build configuration list for PBXNativeTarget "rhymateUITests" */ = {
			isa = XCConfigurationList;
			buildConfigurations = (
				EC238A842C321F6900829799 /* Debug */,
				EC238A852C321F6900829799 /* Release */,
			);
			defaultConfigurationIsVisible = 0;
			defaultConfigurationName = Release;
		};
/* End XCConfigurationList section */
	};
	rootObject = EC238A512C321F6800829799 /* Project object */;
}
